
Microsoft Visual Studio Solution File, Format Version 12.00
# Visual Studio Version 17
VisualStudioVersion = 17.6.33723.286
MinimumVisualStudioVersion = 10.0.40219.1
Project("{FAE04EC0-301F-11D3-BF4B-00C04F79EFBC}") = "IConnectRecap", "IConnectRecap\IConnectRecap.csproj", "{F92E3F78-B128-4209-9173-AC0F50849DD5}"
EndProject
Global
	GlobalSection(SolutionConfigurationPlatforms) = preSolution
		Debug|Any CPU = Debug|Any CPU
		Release|Any CPU = Release|Any CPU
	EndGlobalSection
	GlobalSection(ProjectConfigurationPlatforms) = postSolution
		{F92E3F78-B128-4209-9173-AC0F50849DD5}.Debug|Any CPU.ActiveCfg = Debug|Any CPU
		{F92E3F78-B128-4209-9173-AC0F50849DD5}.Debug|Any CPU.Build.0 = Debug|Any CPU
		{F92E3F78-B128-4209-9173-AC0F50849DD5}.Release|Any CPU.ActiveCfg = Release|Any CPU
		{F92E3F78-B128-4209-9173-AC0F50849DD5}.Release|Any CPU.Build.0 = Release|Any CPU
	EndGlobalSection
	GlobalSection(SolutionProperties) = preSolution
		HideSolutionNode = FALSE
	EndGlobalSection
	GlobalSection(ExtensibilityGlobals) = postSolution
		SolutionGuid = {A4598CD8-EB34-4A4D-9313-0540E4B2EFC1}
	EndGlobalSection
EndGlobal
